
Microsoft Visual Studio Solution File, Format Version 12.00
# Visual Studio Version 17
VisualStudioVersion = 17.0.31611.283
MinimumVisualStudioVersion = 10.0.40219.1
Project("{9A19103F-16F7-4668-BE54-9A1E7A4F7556}") = "Muntean_Iris_Lab7", "Muntean_Iris_Lab7.csproj", "{D41ECA26-AF29-47C3-8E5A-0B3A84B29CCA}"
EndProject
Global
	GlobalSection(SolutionConfigurationPlatforms) = preSolution
		Debug|Any CPU = Debug|Any CPU
		Release|Any CPU = Release|Any CPU
	EndGlobalSection
	GlobalSection(ProjectConfigurationPlatforms) = postSolution
		{D41ECA26-AF29-47C3-8E5A-0B3A84B29CCA}.Debug|Any CPU.ActiveCfg = Debug|Any CPU
		{D41ECA26-AF29-47C3-8E5A-0B3A84B29CCA}.Debug|Any CPU.Build.0 = Debug|Any CPU
		{D41ECA26-AF29-47C3-8E5A-0B3A84B29CCA}.Debug|Any CPU.Deploy.0 = Debug|Any CPU
		{D41ECA26-AF29-47C3-8E5A-0B3A84B29CCA}.Release|Any CPU.ActiveCfg = Release|Any CPU
		{D41ECA26-AF29-47C3-8E5A-0B3A84B29CCA}.Release|Any CPU.Build.0 = Release|Any CPU
		{D41ECA26-AF29-47C3-8E5A-0B3A84B29CCA}.Release|Any CPU.Deploy.0 = Release|Any CPU
	EndGlobalSection
	GlobalSection(SolutionProperties) = preSolution
		HideSolutionNode = FALSE
	EndGlobalSection
	GlobalSection(ExtensibilityGlobals) = postSolution
		SolutionGuid = {61F7FB11-1E47-470C-91E2-47F8143E1572}
	EndGlobalSection
EndGlobal
